
Microsoft Visual Studio Solution File, Format Version 12.00
# Visual Studio 14
VisualStudioVersion = 14.0.25123.0
MinimumVisualStudioVersion = 10.0.40219.1
Project("{FAE04EC0-301F-11D3-BF4B-00C04F79EFBC}") = "Task1Logic", "Task1Logic\Task1Logic.csproj", "{E7B920E7-44A2-48C7-B1F8-8DCDA75AD20A}"
EndProject
Project("{FAE04EC0-301F-11D3-BF4B-00C04F79EFBC}") = "Task1Logic.Tests", "Task1Logic.Tests\Task1Logic.Tests.csproj", "{21AB8812-3A4E-4A63-8450-8ADC1AB49761}"
EndProject
Project("{FAE04EC0-301F-11D3-BF4B-00C04F79EFBC}") = "Task2Logic", "Task2Logic\Task2Logic.csproj", "{14B04F0A-7E77-48A2-9438-FF42F12D3A48}"
EndProject
Global
	GlobalSection(SolutionConfigurationPlatforms) = preSolution
		Debug|Any CPU = Debug|Any CPU
		Release|Any CPU = Release|Any CPU
	EndGlobalSection
	GlobalSection(ProjectConfigurationPlatforms) = postSolution
		{E7B920E7-44A2-48C7-B1F8-8DCDA75AD20A}.Debug|Any CPU.ActiveCfg = Debug|Any CPU
		{E7B920E7-44A2-48C7-B1F8-8DCDA75AD20A}.Debug|Any CPU.Build.0 = Debug|Any CPU
		{E7B920E7-44A2-48C7-B1F8-8DCDA75AD20A}.Release|Any CPU.ActiveCfg = Release|Any CPU
		{E7B920E7-44A2-48C7-B1F8-8DCDA75AD20A}.Release|Any CPU.Build.0 = Release|Any CPU
		{21AB8812-3A4E-4A63-8450-8ADC1AB49761}.Debug|Any CPU.ActiveCfg = Debug|Any CPU
		{21AB8812-3A4E-4A63-8450-8ADC1AB49761}.Debug|Any CPU.Build.0 = Debug|Any CPU
		{21AB8812-3A4E-4A63-8450-8ADC1AB49761}.Release|Any CPU.ActiveCfg = Release|Any CPU
		{21AB8812-3A4E-4A63-8450-8ADC1AB49761}.Release|Any CPU.Build.0 = Release|Any CPU
		{14B04F0A-7E77-48A2-9438-FF42F12D3A48}.Debug|Any CPU.ActiveCfg = Debug|Any CPU
		{14B04F0A-7E77-48A2-9438-FF42F12D3A48}.Debug|Any CPU.Build.0 = Debug|Any CPU
		{14B04F0A-7E77-48A2-9438-FF42F12D3A48}.Release|Any CPU.ActiveCfg = Release|Any CPU
		{14B04F0A-7E77-48A2-9438-FF42F12D3A48}.Release|Any CPU.Build.0 = Release|Any CPU
	EndGlobalSection
	GlobalSection(SolutionProperties) = preSolution
		HideSolutionNode = FALSE
	EndGlobalSection
EndGlobal
